// !$*UTF8*$!
{
	archiveVersion = 1;
	classes = {
	};
	objectVersion = 56;
	objects = {

/* Begin PBXBuildFile section */
		1B66D71A2C7C9B4A00B21ED7 /* Preview Assets.xcassets in Resources */ = {isa = PBXBuildFile; fileRef = 1B66D7192C7C9B4A00B21ED7 /* Preview Assets.xcassets */; };
		1B66D71F2C7C9DE000B21ED7 /* BigShouldersStencilDisplay-Medium.ttf in Resources */ = {isa = PBXBuildFile; fileRef = 1B66D71E2C7C9DE000B21ED7 /* BigShouldersStencilDisplay-Medium.ttf */; };
		1B66D7212C7CA01B00B21ED7 /* BigShouldersStencilDisplay-Bold.ttf in Resources */ = {isa = PBXBuildFile; fileRef = 1B66D7202C7CA01B00B21ED7 /* BigShouldersStencilDisplay-Bold.ttf */; };
		1B8F8E4E2C73429C00EC1227 /* The_Knight_and_the_DragonApp.swift in Sources */ = {isa = PBXBuildFile; fileRef = 1B8F8E4D2C73429C00EC1227 /* The_Knight_and_the_DragonApp.swift */; };
		1B8F8E502C73429C00EC1227 /* LoaderView.swift in Sources */ = {isa = PBXBuildFile; fileRef = 1B8F8E4F2C73429C00EC1227 /* LoaderView.swift */; };
		1B8F8E522C73429D00EC1227 /* Assets.xcassets in Resources */ = {isa = PBXBuildFile; fileRef = 1B8F8E512C73429D00EC1227 /* Assets.xcassets */; };
		1B9036F02C737AD9009A196A /* MainGameView.swift in Sources */ = {isa = PBXBuildFile; fileRef = 1B9036EF2C737AD9009A196A /* MainGameView.swift */; };
		1B9036F22C748D77009A196A /* SettingsView.swift in Sources */ = {isa = PBXBuildFile; fileRef = 1B9036F12C748D77009A196A /* SettingsView.swift */; };
		1B9036F42C7491FE009A196A /* InfoView.swift in Sources */ = {isa = PBXBuildFile; fileRef = 1B9036F32C7491FE009A196A /* InfoView.swift */; };
		1B9036F62C7497F0009A196A /* DragonGameView.swift in Sources */ = {isa = PBXBuildFile; fileRef = 1B9036F52C7497F0009A196A /* DragonGameView.swift */; };
		1B9036F82C74E4B1009A196A /* GameState.swift in Sources */ = {isa = PBXBuildFile; fileRef = 1B9036F72C74E4B1009A196A /* GameState.swift */; };
/* End PBXBuildFile section */

/* Begin PBXFileReference section */
		1B66D7192C7C9B4A00B21ED7 /* Preview Assets.xcassets */ = {isa = PBXFileReference; lastKnownFileType = folder.assetcatalog; path = "Preview Assets.xcassets"; sourceTree = "<group>"; };
		1B66D71E2C7C9DE000B21ED7 /* BigShouldersStencilDisplay-Medium.ttf */ = {isa = PBXFileReference; lastKnownFileType = file; path = "BigShouldersStencilDisplay-Medium.ttf"; sourceTree = "<group>"; };
		1B66D7202C7CA01B00B21ED7 /* BigShouldersStencilDisplay-Bold.ttf */ = {isa = PBXFileReference; lastKnownFileType = file; path = "BigShouldersStencilDisplay-Bold.ttf"; sourceTree = "<group>"; };
		1B8F8E4A2C73429C00EC1227 /* The Knight and the Dragon.app */ = {isa = PBXFileReference; explicitFileType = wrapper.application; includeInIndex = 0; path = "The Knight and the Dragon.app"; sourceTree = BUILT_PRODUCTS_DIR; };
		1B8F8E4D2C73429C00EC1227 /* The_Knight_and_the_DragonApp.swift */ = {isa = PBXFileReference; lastKnownFileType = sourcecode.swift; path = The_Knight_and_the_DragonApp.swift; sourceTree = "<group>"; };
		1B8F8E4F2C73429C00EC1227 /* LoaderView.swift */ = {isa = PBXFileReference; lastKnownFileType = sourcecode.swift; path = LoaderView.swift; sourceTree = "<group>"; };
		1B8F8E512C73429D00EC1227 /* Assets.xcassets */ = {isa = PBXFileReference; lastKnownFileType = folder.assetcatalog; path = Assets.xcassets; sourceTree = "<group>"; };
		1B9036EF2C737AD9009A196A /* MainGameView.swift */ = {isa = PBXFileReference; lastKnownFileType = sourcecode.swift; path = MainGameView.swift; sourceTree = "<group>"; };
		1B9036F12C748D77009A196A /* SettingsView.swift */ = {isa = PBXFileReference; lastKnownFileType = sourcecode.swift; path = SettingsView.swift; sourceTree = "<group>"; };
		1B9036F32C7491FE009A196A /* InfoView.swift */ = {isa = PBXFileReference; lastKnownFileType = sourcecode.swift; path = InfoView.swift; sourceTree = "<group>"; };
		1B9036F52C7497F0009A196A /* DragonGameView.swift */ = {isa = PBXFileReference; lastKnownFileType = sourcecode.swift; path = DragonGameView.swift; sourceTree = "<group>"; };
		1B9036F72C74E4B1009A196A /* GameState.swift */ = {isa = PBXFileReference; lastKnownFileType = sourcecode.swift; path = GameState.swift; sourceTree = "<group>"; };
/* End PBXFileReference section */

/* Begin PBXFrameworksBuildPhase section */
		1B8F8E472C73429C00EC1227 /* Frameworks */ = {
			isa = PBXFrameworksBuildPhase;
			buildActionMask = 2147483647;
			files = (
			);
			runOnlyForDeploymentPostprocessing = 0;
		};
/* End PBXFrameworksBuildPhase section */

/* Begin PBXGroup section */
		1B66D71B2C7C9B5400B21ED7 /* Preview Content */ = {
			isa = PBXGroup;
			children = (
				1B66D7192C7C9B4A00B21ED7 /* Preview Assets.xcassets */,
			);
			path = "Preview Content";
			sourceTree = "<group>";
		};
		1B66D71D2C7C9D9200B21ED7 /* Font */ = {
			isa = PBXGroup;
			children = (
				1B66D71E2C7C9DE000B21ED7 /* BigShouldersStencilDisplay-Medium.ttf */,
				1B66D7202C7CA01B00B21ED7 /* BigShouldersStencilDisplay-Bold.ttf */,
			);
			path = Font;
			sourceTree = "<group>";
		};
		1B6EF7252C75F9E600CD267F /* App */ = {
			isa = PBXGroup;
			children = (
				1B8F8E4D2C73429C00EC1227 /* The_Knight_and_the_DragonApp.swift */,
			);
			path = App;
			sourceTree = "<group>";
		};
		1B6EF7262C75F9F700CD267F /* Models */ = {
			isa = PBXGroup;
			children = (
				1B9036F72C74E4B1009A196A /* GameState.swift */,
			);
			path = Models;
			sourceTree = "<group>";
		};
		1B6EF7272C75F9FE00CD267F /* Views */ = {
			isa = PBXGroup;
			children = (
				1B8F8E4F2C73429C00EC1227 /* LoaderView.swift */,
				1B9036EF2C737AD9009A196A /* MainGameView.swift */,
				1B9036F52C7497F0009A196A /* DragonGameView.swift */,
				1B9036F12C748D77009A196A /* SettingsView.swift */,
				1B9036F32C7491FE009A196A /* InfoView.swift */,
			);
			path = Views;
			sourceTree = "<group>";
		};
		1B8F8E412C73429C00EC1227 = {
			isa = PBXGroup;
			children = (
				1B8F8E4C2C73429C00EC1227 /* The Knight and the Dragon */,
				1B8F8E4B2C73429C00EC1227 /* Products */,
			);
			sourceTree = "<group>";
		};
		1B8F8E4B2C73429C00EC1227 /* Products */ = {
			isa = PBXGroup;
			children = (
				1B8F8E4A2C73429C00EC1227 /* The Knight and the Dragon.app */,
			);
			name = Products;
			sourceTree = "<group>";
		};
		1B8F8E4C2C73429C00EC1227 /* The Knight and the Dragon */ = {
			isa = PBXGroup;
			children = (
				1B6EF7252C75F9E600CD267F /* App */,
				1B66D71D2C7C9D9200B21ED7 /* Font */,
				1B6EF7272C75F9FE00CD267F /* Views */,
				1B6EF7262C75F9F700CD267F /* Models */,
				1B8F8E512C73429D00EC1227 /* Assets.xcassets */,
				1B66D71B2C7C9B5400B21ED7 /* Preview Content */,
			);
			path = "The Knight and the Dragon";
			sourceTree = "<group>";
		};
/* End PBXGroup section */

/* Begin PBXNativeTarget section */
		1B8F8E492C73429C00EC1227 /* The Knight and the Dragon */ = {
			isa = PBXNativeTarget;
			buildConfigurationList = 1B8F8E582C73429D00EC1227 /* Build configuration list for PBXNativeTarget "The Knight and the Dragon" */;
			buildPhases = (
				1B8F8E462C73429C00EC1227 /* Sources */,
				1B8F8E472C73429C00EC1227 /* Frameworks */,
				1B8F8E482C73429C00EC1227 /* Resources */,
			);
			buildRules = (
			);
			dependencies = (
			);
			name = "The Knight and the Dragon";
			productName = "The Knight and the Dragon";
			productReference = 1B8F8E4A2C73429C00EC1227 /* The Knight and the Dragon.app */;
			productType = "com.apple.product-type.application";
		};
/* End PBXNativeTarget section */

/* Begin PBXProject section */
		1B8F8E422C73429C00EC1227 /* Project object */ = {
			isa = PBXProject;
			attributes = {
				BuildIndependentTargetsInParallel = 1;
				LastSwiftUpdateCheck = 1540;
				LastUpgradeCheck = 1540;
				TargetAttributes = {
					1B8F8E492C73429C00EC1227 = {
						CreatedOnToolsVersion = 15.4;
					};
				};
			};
			buildConfigurationList = 1B8F8E452C73429C00EC1227 /* Build configuration list for PBXProject "The Knight and the Dragon" */;
			compatibilityVersion = "Xcode 14.0";
			developmentRegion = en;
			hasScannedForEncodings = 0;
			knownRegions = (
				en,
				Base,
			);
			mainGroup = 1B8F8E412C73429C00EC1227;
			productRefGroup = 1B8F8E4B2C73429C00EC1227 /* Products */;
			projectDirPath = "";
			projectRoot = "";
			targets = (
				1B8F8E492C73429C00EC1227 /* The Knight and the Dragon */,
			);
		};
/* End PBXProject section */

/* Begin PBXResourcesBuildPhase section */
		1B8F8E482C73429C00EC1227 /* Resources */ = {
			isa = PBXResourcesBuildPhase;
			buildActionMask = 2147483647;
			files = (
				1B66D7212C7CA01B00B21ED7 /* BigShouldersStencilDisplay-Bold.ttf in Resources */,
				1B66D71A2C7C9B4A00B21ED7 /* Preview Assets.xcassets in Resources */,
				1B8F8E522C73429D00EC1227 /* Assets.xcassets in Resources */,
				1B66D71F2C7C9DE000B21ED7 /* BigShouldersStencilDisplay-Medium.ttf in Resources */,
			);
			runOnlyForDeploymentPostprocessing = 0;
		};
/* End PBXResourcesBuildPhase section */

/* Begin PBXSourcesBuildPhase section */
		1B8F8E462C73429C00EC1227 /* Sources */ = {
			isa = PBXSourcesBuildPhase;
			buildActionMask = 2147483647;
			files = (
				1B9036F82C74E4B1009A196A /* GameState.swift in Sources */,
				1B9036F42C7491FE009A196A /* InfoView.swift in Sources */,
				1B8F8E502C73429C00EC1227 /* LoaderView.swift in Sources */,
				1B9036F22C748D77009A196A /* SettingsView.swift in Sources */,
				1B9036F02C737AD9009A196A /* MainGameView.swift in Sources */,
				1B8F8E4E2C73429C00EC1227 /* The_Knight_and_the_DragonApp.swift in Sources */,
				1B9036F62C7497F0009A196A /* DragonGameView.swift in Sources */,
			);
			runOnlyForDeploymentPostprocessing = 0;
		};
/* End PBXSourcesBuildPhase section */

/* Begin XCBuildConfiguration section */
		1B8F8E562C73429D00EC1227 /* Debug */ = {
			isa = XCBuildConfiguration;
			buildSettings = {
				ALWAYS_SEARCH_USER_PATHS = NO;
				ASSETCATALOG_COMPILER_GENERATE_SWIFT_ASSET_SYMBOL_EXTENSIONS = YES;
				CLANG_ANALYZER_NONNULL = YES;
				CLANG_ANALYZER_NUMBER_OBJECT_CONVERSION = YES_AGGRESSIVE;
				CLANG_CXX_LANGUAGE_STANDARD = "gnu++20";
				CLANG_ENABLE_MODULES = YES;
				CLANG_ENABLE_OBJC_ARC = YES;
				CLANG_ENABLE_OBJC_WEAK = YES;
				CLANG_WARN_BLOCK_CAPTURE_AUTORELEASING = YES;
				CLANG_WARN_BOOL_CONVERSION = YES;
				CLANG_WARN_COMMA = YES;
				CLANG_WARN_CONSTANT_CONVERSION = YES;
				CLANG_WARN_DEPRECATED_OBJC_IMPLEMENTATIONS = YES;
				CLANG_WARN_DIRECT_OBJC_ISA_USAGE = YES_ERROR;
				CLANG_WARN_DOCUMENTATION_COMMENTS = YES;
				CLANG_WARN_EMPTY_BODY = YES;
				CLANG_WARN_ENUM_CONVERSION = YES;
				CLANG_WARN_INFINITE_RECURSION = YES;
				CLANG_WARN_INT_CONVERSION = YES;
				CLANG_WARN_NON_LITERAL_NULL_CONVERSION = YES;
				CLANG_WARN_OBJC_IMPLICIT_RETAIN_SELF = YES;
				CLANG_WARN_OBJC_LITERAL_CONVERSION = YES;
				CLANG_WARN_OBJC_ROOT_CLASS = YES_ERROR;
				CLANG_WARN_QUOTED_INCLUDE_IN_FRAMEWORK_HEADER = YES;
				CLANG_WARN_RANGE_LOOP_ANALYSIS = YES;
				CLANG_WARN_STRICT_PROTOTYPES = YES;
				CLANG_WARN_SUSPICIOUS_MOVE = YES;
				CLANG_WARN_UNGUARDED_AVAILABILITY = YES_AGGRESSIVE;
				CLANG_WARN_UNREACHABLE_CODE = YES;
				CLANG_WARN__DUPLICATE_METHOD_MATCH = YES;
				COPY_PHASE_STRIP = NO;
				DEBUG_INFORMATION_FORMAT = dwarf;
				ENABLE_STRICT_OBJC_MSGSEND = YES;
				ENABLE_TESTABILITY = YES;
				ENABLE_USER_SCRIPT_SANDBOXING = YES;
				GCC_C_LANGUAGE_STANDARD = gnu17;
				GCC_DYNAMIC_NO_PIC = NO;
				GCC_NO_COMMON_BLOCKS = YES;
				GCC_OPTIMIZATION_LEVEL = 0;
				GCC_PREPROCESSOR_DEFINITIONS = (
					"DEBUG=1",
					"$(inherited)",
				);
				GCC_WARN_64_TO_32_BIT_CONVERSION = YES;
				GCC_WARN_ABOUT_RETURN_TYPE = YES_ERROR;
				GCC_WARN_UNDECLARED_SELECTOR = YES;
				GCC_WARN_UNINITIALIZED_AUTOS = YES_AGGRESSIVE;
				GCC_WARN_UNUSED_FUNCTION = YES;
				GCC_WARN_UNUSED_VARIABLE = YES;
				IPHONEOS_DEPLOYMENT_TARGET = 17.5;
				LOCALIZATION_PREFERS_STRING_CATALOGS = YES;
				MTL_ENABLE_DEBUG_INFO = INCLUDE_SOURCE;
				MTL_FAST_MATH = YES;
				ONLY_ACTIVE_ARCH = YES;
				SDKROOT = iphoneos;
				SWIFT_ACTIVE_COMPILATION_CONDITIONS = "DEBUG $(inherited)";
				SWIFT_OPTIMIZATION_LEVEL = "-Onone";
			};
			name = Debug;
		};
		1B8F8E572C73429D00EC1227 /* Release */ = {
			isa = XCBuildConfiguration;
			buildSettings = {
				ALWAYS_SEARCH_USER_PATHS = NO;
				ASSETCATALOG_COMPILER_GENERATE_SWIFT_ASSET_SYMBOL_EXTENSIONS = YES;
				CLANG_ANALYZER_NONNULL = YES;
				CLANG_ANALYZER_NUMBER_OBJECT_CONVERSION = YES_AGGRESSIVE;
				CLANG_CXX_LANGUAGE_STANDARD = "gnu++20";
				CLANG_ENABLE_MODULES = YES;
				CLANG_ENABLE_OBJC_ARC = YES;
				CLANG_ENABLE_OBJC_WEAK = YES;
				CLANG_WARN_BLOCK_CAPTURE_AUTORELEASING = YES;
				CLANG_WARN_BOOL_CONVERSION = YES;
				CLANG_WARN_COMMA = YES;
				CLANG_WARN_CONSTANT_CONVERSION = YES;
				CLANG_WARN_DEPRECATED_OBJC_IMPLEMENTATIONS = YES;
				CLANG_WARN_DIRECT_OBJC_ISA_USAGE = YES_ERROR;
				CLANG_WARN_DOCUMENTATION_COMMENTS = YES;
				CLANG_WARN_EMPTY_BODY = YES;
				CLANG_WARN_ENUM_CONVERSION = YES;
				CLANG_WARN_INFINITE_RECURSION = YES;
				CLANG_WARN_INT_CONVERSION = YES;
				CLANG_WARN_NON_LITERAL_NULL_CONVERSION = YES;
				CLANG_WARN_OBJC_IMPLICIT_RETAIN_SELF = YES;
				CLANG_WARN_OBJC_LITERAL_CONVERSION = YES;
				CLANG_WARN_OBJC_ROOT_CLASS = YES_ERROR;
				CLANG_WARN_QUOTED_INCLUDE_IN_FRAMEWORK_HEADER = YES;
				CLANG_WARN_RANGE_LOOP_ANALYSIS = YES;
				CLANG_WARN_STRICT_PROTOTYPES = YES;
				CLANG_WARN_SUSPICIOUS_MOVE = YES;
				CLANG_WARN_UNGUARDED_AVAILABILITY = YES_AGGRESSIVE;
				CLANG_WARN_UNREACHABLE_CODE = YES;
				CLANG_WARN__DUPLICATE_METHOD_MATCH = YES;
				COPY_PHASE_STRIP = NO;
				DEBUG_INFORMATION_FORMAT = "dwarf-with-dsym";
				ENABLE_NS_ASSERTIONS = NO;
				ENABLE_STRICT_OBJC_MSGSEND = YES;
				ENABLE_USER_SCRIPT_SANDBOXING = YES;
				GCC_C_LANGUAGE_STANDARD = gnu17;
				GCC_NO_COMMON_BLOCKS = YES;
				GCC_WARN_64_TO_32_BIT_CONVERSION = YES;
				GCC_WARN_ABOUT_RETURN_TYPE = YES_ERROR;
				GCC_WARN_UNDECLARED_SELECTOR = YES;
				GCC_WARN_UNINITIALIZED_AUTOS = YES_AGGRESSIVE;
				GCC_WARN_UNUSED_FUNCTION = YES;
				GCC_WARN_UNUSED_VARIABLE = YES;
				IPHONEOS_DEPLOYMENT_TARGET = 17.5;
				LOCALIZATION_PREFERS_STRING_CATALOGS = YES;
				MTL_ENABLE_DEBUG_INFO = NO;
				MTL_FAST_MATH = YES;
				SDKROOT = iphoneos;
				SWIFT_COMPILATION_MODE = wholemodule;
				VALIDATE_PRODUCT = YES;
			};
			name = Release;
		};
		1B8F8E592C73429D00EC1227 /* Debug */ = {
			isa = XCBuildConfiguration;
			buildSettings = {
				ASSETCATALOG_COMPILER_APPICON_NAME = AppIcon;
				ASSETCATALOG_COMPILER_GLOBAL_ACCENT_COLOR_NAME = AccentColor;
				CODE_SIGN_STYLE = Automatic;
				CURRENT_PROJECT_VERSION = 1;
				DEVELOPMENT_ASSET_PATHS = "\"The Knight and the Dragon/Preview Content\"";
				DEVELOPMENT_TEAM = T4S8AB5682;
				ENABLE_PREVIEWS = YES;
				GENERATE_INFOPLIST_FILE = YES;
				INFOPLIST_FILE = "The-Knight-and-the-Dragon-Info.plist";
				INFOPLIST_KEY_UIApplicationSceneManifest_Generation = YES;
				INFOPLIST_KEY_UIApplicationSupportsIndirectInputEvents = YES;
				INFOPLIST_KEY_UILaunchScreen_Generation = YES;
				INFOPLIST_KEY_UISupportedInterfaceOrientations_iPad = "UIInterfaceOrientationPortrait UIInterfaceOrientationPortraitUpsideDown UIInterfaceOrientationLandscapeLeft UIInterfaceOrientationLandscapeRight";
				INFOPLIST_KEY_UISupportedInterfaceOrientations_iPhone = "UIInterfaceOrientationLandscapeLeft UIInterfaceOrientationLandscapeRight";
				LD_RUNPATH_SEARCH_PATHS = (
					"$(inherited)",
					"@executable_path/Frameworks",
				);
				MARKETING_VERSION = 1.0;
				PRODUCT_BUNDLE_IDENTIFIER = "com.SergioMascarpone.The-Knight-and-the-Dragon";
				PRODUCT_NAME = "$(TARGET_NAME)";
				SWIFT_EMIT_LOC_STRINGS = YES;
				SWIFT_VERSION = 5.0;
				TARGETED_DEVICE_FAMILY = "1,2";
			};
			name = Debug;
		};
		1B8F8E5A2C73429D00EC1227 /* Release */ = {
			isa = XCBuildConfiguration;
			buildSettings = {
				ASSETCATALOG_COMPILER_APPICON_NAME = AppIcon;
				ASSETCATALOG_COMPILER_GLOBAL_ACCENT_COLOR_NAME = AccentColor;
				CODE_SIGN_STYLE = Automatic;
				CURRENT_PROJECT_VERSION = 1;
				DEVELOPMENT_ASSET_PATHS = "\"The Knight and the Dragon/Preview Content\"";
				DEVELOPMENT_TEAM = T4S8AB5682;
				ENABLE_PREVIEWS = YES;
				GENERATE_INFOPLIST_FILE = YES;
				INFOPLIST_FILE = "The-Knight-and-the-Dragon-Info.plist";
				INFOPLIST_KEY_UIApplicationSceneManifest_Generation = YES;
				INFOPLIST_KEY_UIApplicationSupportsIndirectInputEvents = YES;
				INFOPLIST_KEY_UILaunchScreen_Generation = YES;
				INFOPLIST_KEY_UISupportedInterfaceOrientations_iPad = "UIInterfaceOrientationPortrait UIInterfaceOrientationPortraitUpsideDown UIInterfaceOrientationLandscapeLeft UIInterfaceOrientationLandscapeRight";
				INFOPLIST_KEY_UISupportedInterfaceOrientations_iPhone = "UIInterfaceOrientationLandscapeLeft UIInterfaceOrientationLandscapeRight";
				LD_RUNPATH_SEARCH_PATHS = (
					"$(inherited)",
					"@executable_path/Frameworks",
				);
				MARKETING_VERSION = 1.0;
				PRODUCT_BUNDLE_IDENTIFIER = "com.SergioMascarpone.The-Knight-and-the-Dragon";
				PRODUCT_NAME = "$(TARGET_NAME)";
				SWIFT_EMIT_LOC_STRINGS = YES;
				SWIFT_VERSION = 5.0;
				TARGETED_DEVICE_FAMILY = "1,2";
			};
			name = Release;
		};
/* End XCBuildConfiguration section */

/* Begin XCConfigurationList section */
		1B8F8E452C73429C00EC1227 /* Build configuration list for PBXProject "The Knight and the Dragon" */ = {
			isa = XCConfigurationList;
			buildConfigurations = (
				1B8F8E562C73429D00EC1227 /* Debug */,
				1B8F8E572C73429D00EC1227 /* Release */,
			);
			defaultConfigurationIsVisible = 0;
			defaultConfigurationName = Release;
		};
		1B8F8E582C73429D00EC1227 /* Build configuration list for PBXNativeTarget "The Knight and the Dragon" */ = {
			isa = XCConfigurationList;
			buildConfigurations = (
				1B8F8E592C73429D00EC1227 /* Debug */,
				1B8F8E5A2C73429D00EC1227 /* Release */,
			);
			defaultConfigurationIsVisible = 0;
			defaultConfigurationName = Release;
		};
/* End XCConfigurationList section */
	};
	rootObject = 1B8F8E422C73429C00EC1227 /* Project object */;
}
